PODS:
  - IQKeyboardManagerSwift (6.4.0)
  - Realm (3.17.0):
    - Realm/Headers (= 3.17.0)
  - Realm/Headers (3.17.0)
  - RealmSwift (3.17.0):
    - Realm (= 3.17.0)

DEPENDENCIES:
  - IQKeyboardManagerSwift
  - RealmSwift (~> 3)

SPEC REPOS:
  https://github.com/cocoapods/specs.git:
    - IQKeyboardManagerSwift
    - Realm
    - RealmSwift

SPEC CHECKSUMS:
  IQKeyboardManagerSwift: ed9b04ee0e3067ffba543283462d619f944b05e5
  Realm: b30db41ff34fc858ffc25ba8d44a82c164e7ccd0
  RealmSwift: fe733e459d60dc7b6971d4cbee2eb4854097d12c

PODFILE CHECKSUM: 062623de744cb49a67b47716fb0f4279f0a2ab14

COCOAPODS: 1.6.1
